// !$*UTF8*$!
{
	archiveVersion = 1;
	classes = {
	};
	objectVersion = 46;
	objects = {

/* Begin PBXBuildFile section */
		22827EB41C4D3E800040EA13 /* main.m in Sources */ = {isa = PBXBuildFile; fileRef = 22827EB31C4D3E800040EA13 /* main.m */; };
		22827EB71C4D3E800040EA13 /* AppDelegate.m in Sources */ = {isa = PBXBuildFile; fileRef = 22827EB61C4D3E800040EA13 /* AppDelegate.m */; };
		22827EBA1C4D3E800040EA13 /* ViewController.m in Sources */ = {isa = PBXBuildFile; fileRef = 22827EB91C4D3E800040EA13 /* ViewController.m */; };
		22827EBD1C4D3E800040EA13 /* Main.storyboard in Resources */ = {isa = PBXBuildFile; fileRef = 22827EBB1C4D3E800040EA13 /* Main.storyboard */; };
		22827EBF1C4D3E800040EA13 /* Assets.xcassets in Resources */ = {isa = PBXBuildFile; fileRef = 22827EBE1C4D3E800040EA13 /* Assets.xcassets */; };
		22827EC21C4D3E800040EA13 /* LaunchScreen.storyboard in Resources */ = {isa = PBXBuildFile; fileRef = 22827EC01C4D3E800040EA13 /* LaunchScreen.storyboard */; };
		22827ECD1C4D3E800040EA13 /* m8_homework_string_rangeTests.m in Sources */ = {isa = PBXBuildFile; fileRef = 22827ECC1C4D3E800040EA13 /* m8_homework_string_rangeTests.m */; };
		22827ED81C4D3E800040EA13 /* m8_homework_string_rangeUITests.m in Sources */ = {isa = PBXBuildFile; fileRef = 22827ED71C4D3E800040EA13 /* m8_homework_string_rangeUITests.m */; };
/* End PBXBuildFile section */

/* Begin PBXContainerItemProxy section */
		22827EC91C4D3E800040EA13 /* PBXContainerItemProxy */ = {
			isa = PBXContainerItemProxy;
			containerPortal = 22827EA71C4D3E800040EA13 /* Project object */;
			proxyType = 1;
			remoteGlobalIDString = 22827EAE1C4D3E800040EA13;
			remoteInfo = m8_homework_string_range;
		};
		22827ED41C4D3E800040EA13 /* PBXContainerItemProxy */ = {
			isa = PBXContainerItemProxy;
			containerPortal = 22827EA71C4D3E800040EA13 /* Project object */;
			proxyType = 1;
			remoteGlobalIDString = 22827EAE1C4D3E800040EA13;
			remoteInfo = m8_homework_string_range;
		};
/* End PBXContainerItemProxy section */

/* Begin PBXFileReference section */
		22827EAF1C4D3E800040EA13 /* m8_homework_string_range.app */ = {isa = PBXFileReference; explicitFileType = wrapper.application; includeInIndex = 0; path = m8_homework_string_range.app; sourceTree = BUILT_PRODUCTS_DIR; };
		22827EB31C4D3E800040EA13 /* main.m */ = {isa = PBXFileReference; lastKnownFileType = sourcecode.c.objc; path = main.m; sourceTree = "<group>"; };
		22827EB51C4D3E800040EA13 /* AppDelegate.h */ = {isa = PBXFileReference; lastKnownFileType = sourcecode.c.h; path = AppDelegate.h; sourceTree = "<group>"; };
		22827EB61C4D3E800040EA13 /* AppDelegate.m */ = {isa = PBXFileReference; lastKnownFileType = sourcecode.c.objc; path = AppDelegate.m; sourceTree = "<group>"; };
		22827EB81C4D3E800040EA13 /* ViewController.h */ = {isa = PBXFileReference; lastKnownFileType = sourcecode.c.h; path = ViewController.h; sourceTree = "<group>"; };
		22827EB91C4D3E800040EA13 /* ViewController.m */ = {isa = PBXFileReference; lastKnownFileType = sourcecode.c.objc; path = ViewController.m; sourceTree = "<group>"; };
		22827EBC1C4D3E800040EA13 /* Base */ = {isa = PBXFileReference; lastKnownFileType = file.storyboard; name = Base; path = Base.lproj/Main.storyboard; sourceTree = "<group>"; };
		22827EBE1C4D3E800040EA13 /* Assets.xcassets */ = {isa = PBXFileReference; lastKnownFileType = folder.assetcatalog; path = Assets.xcassets; sourceTree = "<group>"; };
		22827EC11C4D3E800040EA13 /* Base */ = {isa = PBXFileReference; lastKnownFileType = file.storyboard; name = Base; path = Base.lproj/LaunchScreen.storyboard; sourceTree = "<group>"; };
		22827EC31C4D3E800040EA13 /* Info.plist */ = {isa = PBXFileReference; lastKnownFileType = text.plist.xml; path = Info.plist; sourceTree = "<group>"; };
		22827EC81C4D3E800040EA13 /* m8_homework_string_rangeTests.xctest */ = {isa = PBXFileReference; explicitFileType = wrapper.cfbundle; includeInIndex = 0; path = m8_homework_string_rangeTests.xctest; sourceTree = BUILT_PRODUCTS_DIR; };
		22827ECC1C4D3E800040EA13 /* m8_homework_string_rangeTests.m */ = {isa = PBXFileReference; lastKnownFileType = sourcecode.c.objc; path = m8_homework_string_rangeTests.m; sourceTree = "<group>"; };
		22827ECE1C4D3E800040EA13 /* Info.plist */ = {isa = PBXFileReference; lastKnownFileType = text.plist.xml; path = Info.plist; sourceTree = "<group>"; };
		22827ED31C4D3E800040EA13 /* m8_homework_string_rangeUITests.xctest */ = {isa = PBXFileReference; explicitFileType = wrapper.cfbundle; includeInIndex = 0; path = m8_homework_string_rangeUITests.xctest; sourceTree = BUILT_PRODUCTS_DIR; };
		22827ED71C4D3E800040EA13 /* m8_homework_string_rangeUITests.m */ = {isa = PBXFileReference; lastKnownFileType = sourcecode.c.objc; path = m8_homework_string_rangeUITests.m; sourceTree = "<group>"; };
		22827ED91C4D3E800040EA13 /* Info.plist */ = {isa = PBXFileReference; lastKnownFileType = text.plist.xml; path = Info.plist; sourceTree = "<group>"; };
/* End PBXFileReference section */

/* Begin PBXFrameworksBuildPhase section */
		22827EAC1C4D3E800040EA13 /* Frameworks */ = {
			isa = PBXFrameworksBuildPhase;
			buildActionMask = 2147483647;
			files = (
			);
			runOnlyForDeploymentPostprocessing = 0;
		};
		22827EC51C4D3E800040EA13 /* Frameworks */ = {
			isa = PBXFrameworksBuildPhase;
			buildActionMask = 2147483647;
			files = (
			);
			runOnlyForDeploymentPostprocessing = 0;
		};
		22827ED01C4D3E800040EA13 /* Frameworks */ = {
			isa = PBXFrameworksBuildPhase;
			buildActionMask = 2147483647;
			files = (
			);
			runOnlyForDeploymentPostprocessing = 0;
		};
/* End PBXFrameworksBuildPhase section */

/* Begin PBXGroup section */
		22827EA61C4D3E800040EA13 = {
			isa = PBXGroup;
			children = (
				22827EB11C4D3E800040EA13 /* m8_homework_string_range */,
				22827ECB1C4D3E800040EA13 /* m8_homework_string_rangeTests */,
				22827ED61C4D3E800040EA13 /* m8_homework_string_rangeUITests */,
				22827EB01C4D3E800040EA13 /* Products */,
			);
			sourceTree = "<group>";
		};
		22827EB01C4D3E800040EA13 /* Products */ = {
			isa = PBXGroup;
			children = (
				22827EAF1C4D3E800040EA13 /* m8_homework_string_range.app */,
				22827EC81C4D3E800040EA13 /* m8_homework_string_rangeTests.xctest */,
				22827ED31C4D3E800040EA13 /* m8_homework_string_rangeUITests.xctest */,
			);
			name = Products;
			sourceTree = "<group>";
		};
		22827EB11C4D3E800040EA13 /* m8_homework_string_range */ = {
			isa = PBXGroup;
			children = (
				22827EB51C4D3E800040EA13 /* AppDelegate.h */,
				22827EB61C4D3E800040EA13 /* AppDelegate.m */,
				22827EB81C4D3E800040EA13 /* ViewController.h */,
				22827EB91C4D3E800040EA13 /* ViewController.m */,
				22827EBB1C4D3E800040EA13 /* Main.storyboard */,
				22827EBE1C4D3E800040EA13 /* Assets.xcassets */,
				22827EC01C4D3E800040EA13 /* LaunchScreen.storyboard */,
				22827EC31C4D3E800040EA13 /* Info.plist */,
				22827EB21C4D3E800040EA13 /* Supporting Files */,
			);
			path = m8_homework_string_range;
			sourceTree = "<group>";
		};
		22827EB21C4D3E800040EA13 /* Supporting Files */ = {
			isa = PBXGroup;
			children = (
				22827EB31C4D3E800040EA13 /* main.m */,
			);
			name = "Supporting Files";
			sourceTree = "<group>";
		};
		22827ECB1C4D3E800040EA13 /* m8_homework_string_rangeTests */ = {
			isa = PBXGroup;
			children = (
				22827ECC1C4D3E800040EA13 /* m8_homework_string_rangeTests.m */,
				22827ECE1C4D3E800040EA13 /* Info.plist */,
			);
			path = m8_homework_string_rangeTests;
			sourceTree = "<group>";
		};
		22827ED61C4D3E800040EA13 /* m8_homework_string_rangeUITests */ = {
			isa = PBXGroup;
			children = (
				22827ED71C4D3E800040EA13 /* m8_homework_string_rangeUITests.m */,
				22827ED91C4D3E800040EA13 /* Info.plist */,
			);
			path = m8_homework_string_rangeUITests;
			sourceTree = "<group>";
		};
/* End PBXGroup section */

/* Begin PBXNativeTarget section */
		22827EAE1C4D3E800040EA13 /* m8_homework_string_range */ = {
			isa = PBXNativeTarget;
			buildConfigurationList = 22827EDC1C4D3E800040EA13 /* Build configuration list for PBXNativeTarget "m8_homework_string_range" */;
			buildPhases = (
				22827EAB1C4D3E800040EA13 /* Sources */,
				22827EAC1C4D3E800040EA13 /* Frameworks */,
				22827EAD1C4D3E800040EA13 /* Resources */,
			);
			buildRules = (
			);
			dependencies = (
			);
			name = m8_homework_string_range;
			productName = m8_homework_string_range;
			productReference = 22827EAF1C4D3E800040EA13 /* m8_homework_string_range.app */;
			productType = "com.apple.product-type.application";
		};
		22827EC71C4D3E800040EA13 /* m8_homework_string_rangeTests */ = {
			isa = PBXNativeTarget;
			buildConfigurationList = 22827EDF1C4D3E800040EA13 /* Build configuration list for PBXNativeTarget "m8_homework_string_rangeTests" */;
			buildPhases = (
				22827EC41C4D3E800040EA13 /* Sources */,
				22827EC51C4D3E800040EA13 /* Frameworks */,
				22827EC61C4D3E800040EA13 /* Resources */,
			);
			buildRules = (
			);
			dependencies = (
				22827ECA1C4D3E800040EA13 /* PBXTargetDependency */,
			);
			name = m8_homework_string_rangeTests;
			productName = m8_homework_string_rangeTests;
			productReference = 22827EC81C4D3E800040EA13 /* m8_homework_string_rangeTests.xctest */;
			productType = "com.apple.product-type.bundle.unit-test";
		};
		22827ED21C4D3E800040EA13 /* m8_homework_string_rangeUITests */ = {
			isa = PBXNativeTarget;
			buildConfigurationList = 22827EE21C4D3E800040EA13 /* Build configuration list for PBXNativeTarget "m8_homework_string_rangeUITests" */;
			buildPhases = (
				22827ECF1C4D3E800040EA13 /* Sources */,
				22827ED01C4D3E800040EA13 /* Frameworks */,
				22827ED11C4D3E800040EA13 /* Resources */,
			);
			buildRules = (
			);
			dependencies = (
				22827ED51C4D3E800040EA13 /* PBXTargetDependency */,
			);
			name = m8_homework_string_rangeUITests;
			productName = m8_homework_string_rangeUITests;
			productReference = 22827ED31C4D3E800040EA13 /* m8_homework_string_rangeUITests.xctest */;
			productType = "com.apple.product-type.bundle.ui-testing";
		};
/* End PBXNativeTarget section */

/* Begin PBXProject section */
		22827EA71C4D3E800040EA13 /* Project object */ = {
			isa = PBXProject;
			attributes = {
				LastUpgradeCheck = 0720;
				ORGANIZATIONNAME = Sam;
				TargetAttributes = {
					22827EAE1C4D3E800040EA13 = {
						CreatedOnToolsVersion = 7.2;
					};
					22827EC71C4D3E800040EA13 = {
						CreatedOnToolsVersion = 7.2;
						TestTargetID = 22827EAE1C4D3E800040EA13;
					};
					22827ED21C4D3E800040EA13 = {
						CreatedOnToolsVersion = 7.2;
						TestTargetID = 22827EAE1C4D3E800040EA13;
					};
				};
			};
			buildConfigurationList = 22827EAA1C4D3E800040EA13 /* Build configuration list for PBXProject "m8_homework_string_range" */;
			compatibilityVersion = "Xcode 3.2";
			developmentRegion = English;
			hasScannedForEncodings = 0;
			knownRegions = (
				en,
				Base,
			);
			mainGroup = 22827EA61C4D3E800040EA13;
			productRefGroup = 22827EB01C4D3E800040EA13 /* Products */;
			projectDirPath = "";
			projectRoot = "";
			targets = (
				22827EAE1C4D3E800040EA13 /* m8_homework_string_range */,
				22827EC71C4D3E800040EA13 /* m8_homework_string_rangeTests */,
				22827ED21C4D3E800040EA13 /* m8_homework_string_rangeUITests */,
			);
		};
/* End PBXProject section */

/* Begin PBXResourcesBuildPhase section */
		22827EAD1C4D3E800040EA13 /* Resources */ = {
			isa = PBXResourcesBuildPhase;
			buildActionMask = 2147483647;
			files = (
				22827EC21C4D3E800040EA13 /* LaunchScreen.storyboard in Resources */,
				22827EBF1C4D3E800040EA13 /* Assets.xcassets in Resources */,
				22827EBD1C4D3E800040EA13 /* Main.storyboard in Resources */,
			);
			runOnlyForDeploymentPostprocessing = 0;
		};
		22827EC61C4D3E800040EA13 /* Resources */ = {
			isa = PBXResourcesBuildPhase;
			buildActionMask = 2147483647;
			files = (
			);
			runOnlyForDeploymentPostprocessing = 0;
		};
		22827ED11C4D3E800040EA13 /* Resources */ = {
			isa = PBXResourcesBuildPhase;
			buildActionMask = 2147483647;
			files = (
			);
			runOnlyForDeploymentPostprocessing = 0;
		};
/* End PBXResourcesBuildPhase section */

/* Begin PBXSourcesBuildPhase section */
		22827EAB1C4D3E800040EA13 /* Sources */ = {
			isa = PBXSourcesBuildPhase;
			buildActionMask = 2147483647;
			files = (
				22827EBA1C4D3E800040EA13 /* ViewController.m in Sources */,
				22827EB71C4D3E800040EA13 /* AppDelegate.m in Sources */,
				22827EB41C4D3E800040EA13 /* main.m in Sources */,
			);
			runOnlyForDeploymentPostprocessing = 0;
		};
		22827EC41C4D3E800040EA13 /* Sources */ = {
			isa = PBXSourcesBuildPhase;
			buildActionMask = 2147483647;
			files = (
				22827ECD1C4D3E800040EA13 /* m8_homework_string_rangeTests.m in Sources */,
			);
			runOnlyForDeploymentPostprocessing = 0;
		};
		22827ECF1C4D3E800040EA13 /* Sources */ = {
			isa = PBXSourcesBuildPhase;
			buildActionMask = 2147483647;
			files = (
				22827ED81C4D3E800040EA13 /* m8_homework_string_rangeUITests.m in Sources */,
			);
			runOnlyForDeploymentPostprocessing = 0;
		};
/* End PBXSourcesBuildPhase section */

/* Begin PBXTargetDependency section */
		22827ECA1C4D3E800040EA13 /* PBXTargetDependency */ = {
			isa = PBXTargetDependency;
			target = 22827EAE1C4D3E800040EA13 /* m8_homework_string_range */;
			targetProxy = 22827EC91C4D3E800040EA13 /* PBXContainerItemProxy */;
		};
		22827ED51C4D3E800040EA13 /* PBXTargetDependency */ = {
			isa = PBXTargetDependency;
			target = 22827EAE1C4D3E800040EA13 /* m8_homework_string_range */;
			targetProxy = 22827ED41C4D3E800040EA13 /* PBXContainerItemProxy */;
		};
/* End PBXTargetDependency section */

/* Begin PBXVariantGroup section */
		22827EBB1C4D3E800040EA13 /* Main.storyboard */ = {
			isa = PBXVariantGroup;
			children = (
				22827EBC1C4D3E800040EA13 /* Base */,
			);
			name = Main.storyboard;
			sourceTree = "<group>";
		};
		22827EC01C4D3E800040EA13 /* LaunchScreen.storyboard */ = {
			isa = PBXVariantGroup;
			children = (
				22827EC11C4D3E800040EA13 /* Base */,
			);
			name = LaunchScreen.storyboard;
			sourceTree = "<group>";
		};
/* End PBXVariantGroup section */

/* Begin XCBuildConfiguration section */
		22827EDA1C4D3E800040EA13 /* Debug */ = {
			isa = XCBuildConfiguration;
			buildSettings = {
				ALWAYS_SEARCH_USER_PATHS = NO;
				CLANG_CXX_LANGUAGE_STANDARD = "gnu++0x";
				CLANG_CXX_LIBRARY = "libc++";
				CLANG_ENABLE_MODULES = YES;
				CLANG_ENABLE_OBJC_ARC = YES;
				CLANG_WARN_BOOL_CONVERSION = YES;
				CLANG_WARN_CONSTANT_CONVERSION = YES;
				CLANG_WARN_DIRECT_OBJC_ISA_USAGE = YES_ERROR;
				CLANG_WARN_EMPTY_BODY = YES;
				CLANG_WARN_ENUM_CONVERSION = YES;
				CLANG_WARN_INT_CONVERSION = YES;
				CLANG_WARN_OBJC_ROOT_CLASS = YES_ERROR;
				CLANG_WARN_UNREACHABLE_CODE = YES;
				CLANG_WARN__DUPLICATE_METHOD_MATCH = YES;
				"CODE_SIGN_IDENTITY[sdk=iphoneos*]" = "iPhone Developer";
				COPY_PHASE_STRIP = NO;
				DEBUG_INFORMATION_FORMAT = dwarf;
				ENABLE_STRICT_OBJC_MSGSEND = YES;
				ENABLE_TESTABILITY = YES;
				GCC_C_LANGUAGE_STANDARD = gnu99;
				GCC_DYNAMIC_NO_PIC = NO;
				GCC_NO_COMMON_BLOCKS = YES;
				GCC_OPTIMIZATION_LEVEL = 0;
				GCC_PREPROCESSOR_DEFINITIONS = (
					"DEBUG=1",
					"$(inherited)",
				);
				GCC_WARN_64_TO_32_BIT_CONVERSION = YES;
				GCC_WARN_ABOUT_RETURN_TYPE = YES_ERROR;
				GCC_WARN_UNDECLARED_SELECTOR = YES;
				GCC_WARN_UNINITIALIZED_AUTOS = YES_AGGRESSIVE;
				GCC_WARN_UNUSED_FUNCTION = YES;
				GCC_WARN_UNUSED_VARIABLE = YES;
				IPHONEOS_DEPLOYMENT_TARGET = 9.2;
				MTL_ENABLE_DEBUG_INFO = YES;
				ONLY_ACTIVE_ARCH = YES;
				SDKROOT = iphoneos;
			};
			name = Debug;
		};
		22827EDB1C4D3E800040EA13 /* Release */ = {
			isa = XCBuildConfiguration;
			buildSettings = {
				ALWAYS_SEARCH_USER_PATHS = NO;
				CLANG_CXX_LANGUAGE_STANDARD = "gnu++0x";
				CLANG_CXX_LIBRARY = "libc++";
				CLANG_ENABLE_MODULES = YES;
				CLANG_ENABLE_OBJC_ARC = YES;
				CLANG_WARN_BOOL_CONVERSION = YES;
				CLANG_WARN_CONSTANT_CONVERSION = YES;
				CLANG_WARN_DIRECT_OBJC_ISA_USAGE = YES_ERROR;
				CLANG_WARN_EMPTY_BODY = YES;
				CLANG_WARN_ENUM_CONVERSION = YES;
				CLANG_WARN_INT_CONVERSION = YES;
				CLANG_WARN_OBJC_ROOT_CLASS = YES_ERROR;
				CLANG_WARN_UNREACHABLE_CODE = YES;
				CLANG_WARN__DUPLICATE_METHOD_MATCH = YES;
				"CODE_SIGN_IDENTITY[sdk=iphoneos*]" = "iPhone Developer";
				COPY_PHASE_STRIP = NO;
				DEBUG_INFORMATION_FORMAT = "dwarf-with-dsym";
				ENABLE_NS_ASSERTIONS = NO;
				ENABLE_STRICT_OBJC_MSGSEND = YES;
				GCC_C_LANGUAGE_STANDARD = gnu99;
				GCC_NO_COMMON_BLOCKS = YES;
				GCC_WARN_64_TO_32_BIT_CONVERSION = YES;
				GCC_WARN_ABOUT_RETURN_TYPE = YES_ERROR;
				GCC_WARN_UNDECLARED_SELECTOR = YES;
				GCC_WARN_UNINITIALIZED_AUTOS = YES_AGGRESSIVE;
				GCC_WARN_UNUSED_FUNCTION = YES;
				GCC_WARN_UNUSED_VARIABLE = YES;
				IPHONEOS_DEPLOYMENT_TARGET = 9.2;
				MTL_ENABLE_DEBUG_INFO = NO;
				SDKROOT = iphoneos;
				VALIDATE_PRODUCT = YES;
			};
			name = Release;
		};
		22827EDD1C4D3E800040EA13 /* Debug */ = {
			isa = XCBuildConfiguration;
			buildSettings = {
				ASSETCATALOG_COMPILER_APPICON_NAME = AppIcon;
				INFOPLIST_FILE = m8_homework_string_range/Info.plist;
				LD_RUNPATH_SEARCH_PATHS = "$(inherited) @executable_path/Frameworks";
				PRODUCT_BUNDLE_IDENTIFIER = "com.fatsai.m8-homework-string-range";
				PRODUCT_NAME = "$(TARGET_NAME)";
			};
			name = Debug;
		};
		22827EDE1C4D3E800040EA13 /* Release */ = {
			isa = XCBuildConfiguration;
			buildSettings = {
				ASSETCATALOG_COMPILER_APPICON_NAME = AppIcon;
				INFOPLIST_FILE = m8_homework_string_range/Info.plist;
				LD_RUNPATH_SEARCH_PATHS = "$(inherited) @executable_path/Frameworks";
				PRODUCT_BUNDLE_IDENTIFIER = "com.fatsai.m8-homework-string-range";
				PRODUCT_NAME = "$(TARGET_NAME)";
			};
			name = Release;
		};
		22827EE01C4D3E800040EA13 /* Debug */ = {
			isa = XCBuildConfiguration;
			buildSettings = {
				BUNDLE_LOADER = "$(TEST_HOST)";
				INFOPLIST_FILE = m8_homework_string_rangeTests/Info.plist;
				LD_RUNPATH_SEARCH_PATHS = "$(inherited) @executable_path/Frameworks @loader_path/Frameworks";
				PRODUCT_BUNDLE_IDENTIFIER = "com.fatsai.m8-homework-string-rangeTests";
				PRODUCT_NAME = "$(TARGET_NAME)";
				TEST_HOST = "$(BUILT_PRODUCTS_DIR)/m8_homework_string_range.app/m8_homework_string_range";
			};
			name = Debug;
		};
		22827EE11C4D3E800040EA13 /* Release */ = {
			isa = XCBuildConfiguration;
			buildSettings = {
				BUNDLE_LOADER = "$(TEST_HOST)";
				INFOPLIST_FILE = m8_homework_string_rangeTests/Info.plist;
				LD_RUNPATH_SEARCH_PATHS = "$(inherited) @executable_path/Frameworks @loader_path/Frameworks";
				PRODUCT_BUNDLE_IDENTIFIER = "com.fatsai.m8-homework-string-rangeTests";
				PRODUCT_NAME = "$(TARGET_NAME)";
				TEST_HOST = "$(BUILT_PRODUCTS_DIR)/m8_homework_string_range.app/m8_homework_string_range";
			};
			name = Release;
		};
		22827EE31C4D3E800040EA13 /* Debug */ = {
			isa = XCBuildConfiguration;
			buildSettings = {
				INFOPLIST_FILE = m8_homework_string_rangeUITests/Info.plist;
				LD_RUNPATH_SEARCH_PATHS = "$(inherited) @executable_path/Frameworks @loader_path/Frameworks";
				PRODUCT_BUNDLE_IDENTIFIER = "com.fatsai.m8-homework-string-rangeUITests";
				PRODUCT_NAME = "$(TARGET_NAME)";
				TEST_TARGET_NAME = m8_homework_string_range;
				USES_XCTRUNNER = YES;
			};
			name = Debug;
		};
		22827EE41C4D3E800040EA13 /* Release */ = {
			isa = XCBuildConfiguration;
			buildSettings = {
				INFOPLIST_FILE = m8_homework_string_rangeUITests/Info.plist;
				LD_RUNPATH_SEARCH_PATHS = "$(inherited) @executable_path/Frameworks @loader_path/Frameworks";
				PRODUCT_BUNDLE_IDENTIFIER = "com.fatsai.m8-homework-string-rangeUITests";
				PRODUCT_NAME = "$(TARGET_NAME)";
				TEST_TARGET_NAME = m8_homework_string_range;
				USES_XCTRUNNER = YES;
			};
			name = Release;
		};
/* End XCBuildConfiguration section */

/* Begin XCConfigurationList section */
		22827EAA1C4D3E800040EA13 /* Build configuration list for PBXProject "m8_homework_string_range" */ = {
			isa = XCConfigurationList;
			buildConfigurations = (
				22827EDA1C4D3E800040EA13 /* Debug */,
				22827EDB1C4D3E800040EA13 /* Release */,
			);
			defaultConfigurationIsVisible = 0;
			defaultConfigurationName = Release;
		};
		22827EDC1C4D3E800040EA13 /* Build configuration list for PBXNativeTarget "m8_homework_string_range" */ = {
			isa = XCConfigurationList;
			buildConfigurations = (
				22827EDD1C4D3E800040EA13 /* Debug */,
				22827EDE1C4D3E800040EA13 /* Release */,
			);
			defaultConfigurationIsVisible = 0;
		};
		22827EDF1C4D3E800040EA13 /* Build configuration list for PBXNativeTarget "m8_homework_string_rangeTests" */ = {
			isa = XCConfigurationList;
			buildConfigurations = (
				22827EE01C4D3E800040EA13 /* Debug */,
				22827EE11C4D3E800040EA13 /* Release */,
			);
			defaultConfigurationIsVisible = 0;
		};
		22827EE21C4D3E800040EA13 /* Build configuration list for PBXNativeTarget "m8_homework_string_rangeUITests" */ = {
			isa = XCConfigurationList;
			buildConfigurations = (
				22827EE31C4D3E800040EA13 /* Debug */,
				22827EE41C4D3E800040EA13 /* Release */,
			);
			defaultConfigurationIsVisible = 0;
		};
/* End XCConfigurationList section */
	};
	rootObject = 22827EA71C4D3E800040EA13 /* Project object */;
}
