// !$*UTF8*$!
{
	archiveVersion = 1;
	classes = {
	};
	objectVersion = 46;
	objects = {

/* Begin PBXBuildFile section */
		22827E751C4D3D2A0040EA13 /* main.m in Sources */ = {isa = PBXBuildFile; fileRef = 22827E741C4D3D2A0040EA13 /* main.m */; };
		22827E781C4D3D2A0040EA13 /* AppDelegate.m in Sources */ = {isa = PBXBuildFile; fileRef = 22827E771C4D3D2A0040EA13 /* AppDelegate.m */; };
		22827E7B1C4D3D2A0040EA13 /* ViewController.m in Sources */ = {isa = PBXBuildFile; fileRef = 22827E7A1C4D3D2A0040EA13 /* ViewController.m */; };
		22827E7E1C4D3D2A0040EA13 /* Main.storyboard in Resources */ = {isa = PBXBuildFile; fileRef = 22827E7C1C4D3D2A0040EA13 /* Main.storyboard */; };
		22827E801C4D3D2A0040EA13 /* Assets.xcassets in Resources */ = {isa = PBXBuildFile; fileRef = 22827E7F1C4D3D2A0040EA13 /* Assets.xcassets */; };
		22827E831C4D3D2A0040EA13 /* LaunchScreen.storyboard in Resources */ = {isa = PBXBuildFile; fileRef = 22827E811C4D3D2A0040EA13 /* LaunchScreen.storyboard */; };
		22827E8E1C4D3D2A0040EA13 /* m8_homework_string_initTests.m in Sources */ = {isa = PBXBuildFile; fileRef = 22827E8D1C4D3D2A0040EA13 /* m8_homework_string_initTests.m */; };
		22827E991C4D3D2A0040EA13 /* m8_homework_string_initUITests.m in Sources */ = {isa = PBXBuildFile; fileRef = 22827E981C4D3D2A0040EA13 /* m8_homework_string_initUITests.m */; };
/* End PBXBuildFile section */

/* Begin PBXContainerItemProxy section */
		22827E8A1C4D3D2A0040EA13 /* PBXContainerItemProxy */ = {
			isa = PBXContainerItemProxy;
			containerPortal = 22827E681C4D3D2A0040EA13 /* Project object */;
			proxyType = 1;
			remoteGlobalIDString = 22827E6F1C4D3D2A0040EA13;
			remoteInfo = m8_homework_string_init;
		};
		22827E951C4D3D2A0040EA13 /* PBXContainerItemProxy */ = {
			isa = PBXContainerItemProxy;
			containerPortal = 22827E681C4D3D2A0040EA13 /* Project object */;
			proxyType = 1;
			remoteGlobalIDString = 22827E6F1C4D3D2A0040EA13;
			remoteInfo = m8_homework_string_init;
		};
/* End PBXContainerItemProxy section */

/* Begin PBXFileReference section */
		22827E701C4D3D2A0040EA13 /* m8_homework_string_init.app */ = {isa = PBXFileReference; explicitFileType = wrapper.application; includeInIndex = 0; path = m8_homework_string_init.app; sourceTree = BUILT_PRODUCTS_DIR; };
		22827E741C4D3D2A0040EA13 /* main.m */ = {isa = PBXFileReference; lastKnownFileType = sourcecode.c.objc; path = main.m; sourceTree = "<group>"; };
		22827E761C4D3D2A0040EA13 /* AppDelegate.h */ = {isa = PBXFileReference; lastKnownFileType = sourcecode.c.h; path = AppDelegate.h; sourceTree = "<group>"; };
		22827E771C4D3D2A0040EA13 /* AppDelegate.m */ = {isa = PBXFileReference; lastKnownFileType = sourcecode.c.objc; path = AppDelegate.m; sourceTree = "<group>"; };
		22827E791C4D3D2A0040EA13 /* ViewController.h */ = {isa = PBXFileReference; lastKnownFileType = sourcecode.c.h; path = ViewController.h; sourceTree = "<group>"; };
		22827E7A1C4D3D2A0040EA13 /* ViewController.m */ = {isa = PBXFileReference; lastKnownFileType = sourcecode.c.objc; path = ViewController.m; sourceTree = "<group>"; };
		22827E7D1C4D3D2A0040EA13 /* Base */ = {isa = PBXFileReference; lastKnownFileType = file.storyboard; name = Base; path = Base.lproj/Main.storyboard; sourceTree = "<group>"; };
		22827E7F1C4D3D2A0040EA13 /* Assets.xcassets */ = {isa = PBXFileReference; lastKnownFileType = folder.assetcatalog; path = Assets.xcassets; sourceTree = "<group>"; };
		22827E821C4D3D2A0040EA13 /* Base */ = {isa = PBXFileReference; lastKnownFileType = file.storyboard; name = Base; path = Base.lproj/LaunchScreen.storyboard; sourceTree = "<group>"; };
		22827E841C4D3D2A0040EA13 /* Info.plist */ = {isa = PBXFileReference; lastKnownFileType = text.plist.xml; path = Info.plist; sourceTree = "<group>"; };
		22827E891C4D3D2A0040EA13 /* m8_homework_string_initTests.xctest */ = {isa = PBXFileReference; explicitFileType = wrapper.cfbundle; includeInIndex = 0; path = m8_homework_string_initTests.xctest; sourceTree = BUILT_PRODUCTS_DIR; };
		22827E8D1C4D3D2A0040EA13 /* m8_homework_string_initTests.m */ = {isa = PBXFileReference; lastKnownFileType = sourcecode.c.objc; path = m8_homework_string_initTests.m; sourceTree = "<group>"; };
		22827E8F1C4D3D2A0040EA13 /* Info.plist */ = {isa = PBXFileReference; lastKnownFileType = text.plist.xml; path = Info.plist; sourceTree = "<group>"; };
		22827E941C4D3D2A0040EA13 /* m8_homework_string_initUITests.xctest */ = {isa = PBXFileReference; explicitFileType = wrapper.cfbundle; includeInIndex = 0; path = m8_homework_string_initUITests.xctest; sourceTree = BUILT_PRODUCTS_DIR; };
		22827E981C4D3D2A0040EA13 /* m8_homework_string_initUITests.m */ = {isa = PBXFileReference; lastKnownFileType = sourcecode.c.objc; path = m8_homework_string_initUITests.m; sourceTree = "<group>"; };
		22827E9A1C4D3D2A0040EA13 /* Info.plist */ = {isa = PBXFileReference; lastKnownFileType = text.plist.xml; path = Info.plist; sourceTree = "<group>"; };
/* End PBXFileReference section */

/* Begin PBXFrameworksBuildPhase section */
		22827E6D1C4D3D2A0040EA13 /* Frameworks */ = {
			isa = PBXFrameworksBuildPhase;
			buildActionMask = 2147483647;
			files = (
			);
			runOnlyForDeploymentPostprocessing = 0;
		};
		22827E861C4D3D2A0040EA13 /* Frameworks */ = {
			isa = PBXFrameworksBuildPhase;
			buildActionMask = 2147483647;
			files = (
			);
			runOnlyForDeploymentPostprocessing = 0;
		};
		22827E911C4D3D2A0040EA13 /* Frameworks */ = {
			isa = PBXFrameworksBuildPhase;
			buildActionMask = 2147483647;
			files = (
			);
			runOnlyForDeploymentPostprocessing = 0;
		};
/* End PBXFrameworksBuildPhase section */

/* Begin PBXGroup section */
		22827E671C4D3D2A0040EA13 = {
			isa = PBXGroup;
			children = (
				22827E721C4D3D2A0040EA13 /* m8_homework_string_init */,
				22827E8C1C4D3D2A0040EA13 /* m8_homework_string_initTests */,
				22827E971C4D3D2A0040EA13 /* m8_homework_string_initUITests */,
				22827E711C4D3D2A0040EA13 /* Products */,
			);
			sourceTree = "<group>";
		};
		22827E711C4D3D2A0040EA13 /* Products */ = {
			isa = PBXGroup;
			children = (
				22827E701C4D3D2A0040EA13 /* m8_homework_string_init.app */,
				22827E891C4D3D2A0040EA13 /* m8_homework_string_initTests.xctest */,
				22827E941C4D3D2A0040EA13 /* m8_homework_string_initUITests.xctest */,
			);
			name = Products;
			sourceTree = "<group>";
		};
		22827E721C4D3D2A0040EA13 /* m8_homework_string_init */ = {
			isa = PBXGroup;
			children = (
				22827E761C4D3D2A0040EA13 /* AppDelegate.h */,
				22827E771C4D3D2A0040EA13 /* AppDelegate.m */,
				22827E791C4D3D2A0040EA13 /* ViewController.h */,
				22827E7A1C4D3D2A0040EA13 /* ViewController.m */,
				22827E7C1C4D3D2A0040EA13 /* Main.storyboard */,
				22827E7F1C4D3D2A0040EA13 /* Assets.xcassets */,
				22827E811C4D3D2A0040EA13 /* LaunchScreen.storyboard */,
				22827E841C4D3D2A0040EA13 /* Info.plist */,
				22827E731C4D3D2A0040EA13 /* Supporting Files */,
			);
			path = m8_homework_string_init;
			sourceTree = "<group>";
		};
		22827E731C4D3D2A0040EA13 /* Supporting Files */ = {
			isa = PBXGroup;
			children = (
				22827E741C4D3D2A0040EA13 /* main.m */,
			);
			name = "Supporting Files";
			sourceTree = "<group>";
		};
		22827E8C1C4D3D2A0040EA13 /* m8_homework_string_initTests */ = {
			isa = PBXGroup;
			children = (
				22827E8D1C4D3D2A0040EA13 /* m8_homework_string_initTests.m */,
				22827E8F1C4D3D2A0040EA13 /* Info.plist */,
			);
			path = m8_homework_string_initTests;
			sourceTree = "<group>";
		};
		22827E971C4D3D2A0040EA13 /* m8_homework_string_initUITests */ = {
			isa = PBXGroup;
			children = (
				22827E981C4D3D2A0040EA13 /* m8_homework_string_initUITests.m */,
				22827E9A1C4D3D2A0040EA13 /* Info.plist */,
			);
			path = m8_homework_string_initUITests;
			sourceTree = "<group>";
		};
/* End PBXGroup section */

/* Begin PBXNativeTarget section */
		22827E6F1C4D3D2A0040EA13 /* m8_homework_string_init */ = {
			isa = PBXNativeTarget;
			buildConfigurationList = 22827E9D1C4D3D2A0040EA13 /* Build configuration list for PBXNativeTarget "m8_homework_string_init" */;
			buildPhases = (
				22827E6C1C4D3D2A0040EA13 /* Sources */,
				22827E6D1C4D3D2A0040EA13 /* Frameworks */,
				22827E6E1C4D3D2A0040EA13 /* Resources */,
			);
			buildRules = (
			);
			dependencies = (
			);
			name = m8_homework_string_init;
			productName = m8_homework_string_init;
			productReference = 22827E701C4D3D2A0040EA13 /* m8_homework_string_init.app */;
			productType = "com.apple.product-type.application";
		};
		22827E881C4D3D2A0040EA13 /* m8_homework_string_initTests */ = {
			isa = PBXNativeTarget;
			buildConfigurationList = 22827EA01C4D3D2A0040EA13 /* Build configuration list for PBXNativeTarget "m8_homework_string_initTests" */;
			buildPhases = (
				22827E851C4D3D2A0040EA13 /* Sources */,
				22827E861C4D3D2A0040EA13 /* Frameworks */,
				22827E871C4D3D2A0040EA13 /* Resources */,
			);
			buildRules = (
			);
			dependencies = (
				22827E8B1C4D3D2A0040EA13 /* PBXTargetDependency */,
			);
			name = m8_homework_string_initTests;
			productName = m8_homework_string_initTests;
			productReference = 22827E891C4D3D2A0040EA13 /* m8_homework_string_initTests.xctest */;
			productType = "com.apple.product-type.bundle.unit-test";
		};
		22827E931C4D3D2A0040EA13 /* m8_homework_string_initUITests */ = {
			isa = PBXNativeTarget;
			buildConfigurationList = 22827EA31C4D3D2A0040EA13 /* Build configuration list for PBXNativeTarget "m8_homework_string_initUITests" */;
			buildPhases = (
				22827E901C4D3D2A0040EA13 /* Sources */,
				22827E911C4D3D2A0040EA13 /* Frameworks */,
				22827E921C4D3D2A0040EA13 /* Resources */,
			);
			buildRules = (
			);
			dependencies = (
				22827E961C4D3D2A0040EA13 /* PBXTargetDependency */,
			);
			name = m8_homework_string_initUITests;
			productName = m8_homework_string_initUITests;
			productReference = 22827E941C4D3D2A0040EA13 /* m8_homework_string_initUITests.xctest */;
			productType = "com.apple.product-type.bundle.ui-testing";
		};
/* End PBXNativeTarget section */

/* Begin PBXProject section */
		22827E681C4D3D2A0040EA13 /* Project object */ = {
			isa = PBXProject;
			attributes = {
				LastUpgradeCheck = 0720;
				ORGANIZATIONNAME = Sam;
				TargetAttributes = {
					22827E6F1C4D3D2A0040EA13 = {
						CreatedOnToolsVersion = 7.2;
					};
					22827E881C4D3D2A0040EA13 = {
						CreatedOnToolsVersion = 7.2;
						TestTargetID = 22827E6F1C4D3D2A0040EA13;
					};
					22827E931C4D3D2A0040EA13 = {
						CreatedOnToolsVersion = 7.2;
						TestTargetID = 22827E6F1C4D3D2A0040EA13;
					};
				};
			};
			buildConfigurationList = 22827E6B1C4D3D2A0040EA13 /* Build configuration list for PBXProject "m8_homework_string_init" */;
			compatibilityVersion = "Xcode 3.2";
			developmentRegion = English;
			hasScannedForEncodings = 0;
			knownRegions = (
				en,
				Base,
			);
			mainGroup = 22827E671C4D3D2A0040EA13;
			productRefGroup = 22827E711C4D3D2A0040EA13 /* Products */;
			projectDirPath = "";
			projectRoot = "";
			targets = (
				22827E6F1C4D3D2A0040EA13 /* m8_homework_string_init */,
				22827E881C4D3D2A0040EA13 /* m8_homework_string_initTests */,
				22827E931C4D3D2A0040EA13 /* m8_homework_string_initUITests */,
			);
		};
/* End PBXProject section */

/* Begin PBXResourcesBuildPhase section */
		22827E6E1C4D3D2A0040EA13 /* Resources */ = {
			isa = PBXResourcesBuildPhase;
			buildActionMask = 2147483647;
			files = (
				22827E831C4D3D2A0040EA13 /* LaunchScreen.storyboard in Resources */,
				22827E801C4D3D2A0040EA13 /* Assets.xcassets in Resources */,
				22827E7E1C4D3D2A0040EA13 /* Main.storyboard in Resources */,
			);
			runOnlyForDeploymentPostprocessing = 0;
		};
		22827E871C4D3D2A0040EA13 /* Resources */ = {
			isa = PBXResourcesBuildPhase;
			buildActionMask = 2147483647;
			files = (
			);
			runOnlyForDeploymentPostprocessing = 0;
		};
		22827E921C4D3D2A0040EA13 /* Resources */ = {
			isa = PBXResourcesBuildPhase;
			buildActionMask = 2147483647;
			files = (
			);
			runOnlyForDeploymentPostprocessing = 0;
		};
/* End PBXResourcesBuildPhase section */

/* Begin PBXSourcesBuildPhase section */
		22827E6C1C4D3D2A0040EA13 /* Sources */ = {
			isa = PBXSourcesBuildPhase;
			buildActionMask = 2147483647;
			files = (
				22827E7B1C4D3D2A0040EA13 /* ViewController.m in Sources */,
				22827E781C4D3D2A0040EA13 /* AppDelegate.m in Sources */,
				22827E751C4D3D2A0040EA13 /* main.m in Sources */,
			);
			runOnlyForDeploymentPostprocessing = 0;
		};
		22827E851C4D3D2A0040EA13 /* Sources */ = {
			isa = PBXSourcesBuildPhase;
			buildActionMask = 2147483647;
			files = (
				22827E8E1C4D3D2A0040EA13 /* m8_homework_string_initTests.m in Sources */,
			);
			runOnlyForDeploymentPostprocessing = 0;
		};
		22827E901C4D3D2A0040EA13 /* Sources */ = {
			isa = PBXSourcesBuildPhase;
			buildActionMask = 2147483647;
			files = (
				22827E991C4D3D2A0040EA13 /* m8_homework_string_initUITests.m in Sources */,
			);
			runOnlyForDeploymentPostprocessing = 0;
		};
/* End PBXSourcesBuildPhase section */

/* Begin PBXTargetDependency section */
		22827E8B1C4D3D2A0040EA13 /* PBXTargetDependency */ = {
			isa = PBXTargetDependency;
			target = 22827E6F1C4D3D2A0040EA13 /* m8_homework_string_init */;
			targetProxy = 22827E8A1C4D3D2A0040EA13 /* PBXContainerItemProxy */;
		};
		22827E961C4D3D2A0040EA13 /* PBXTargetDependency */ = {
			isa = PBXTargetDependency;
			target = 22827E6F1C4D3D2A0040EA13 /* m8_homework_string_init */;
			targetProxy = 22827E951C4D3D2A0040EA13 /* PBXContainerItemProxy */;
		};
/* End PBXTargetDependency section */

/* Begin PBXVariantGroup section */
		22827E7C1C4D3D2A0040EA13 /* Main.storyboard */ = {
			isa = PBXVariantGroup;
			children = (
				22827E7D1C4D3D2A0040EA13 /* Base */,
			);
			name = Main.storyboard;
			sourceTree = "<group>";
		};
		22827E811C4D3D2A0040EA13 /* LaunchScreen.storyboard */ = {
			isa = PBXVariantGroup;
			children = (
				22827E821C4D3D2A0040EA13 /* Base */,
			);
			name = LaunchScreen.storyboard;
			sourceTree = "<group>";
		};
/* End PBXVariantGroup section */

/* Begin XCBuildConfiguration section */
		22827E9B1C4D3D2A0040EA13 /* Debug */ = {
			isa = XCBuildConfiguration;
			buildSettings = {
				ALWAYS_SEARCH_USER_PATHS = NO;
				CLANG_CXX_LANGUAGE_STANDARD = "gnu++0x";
				CLANG_CXX_LIBRARY = "libc++";
				CLANG_ENABLE_MODULES = YES;
				CLANG_ENABLE_OBJC_ARC = YES;
				CLANG_WARN_BOOL_CONVERSION = YES;
				CLANG_WARN_CONSTANT_CONVERSION = YES;
				CLANG_WARN_DIRECT_OBJC_ISA_USAGE = YES_ERROR;
				CLANG_WARN_EMPTY_BODY = YES;
				CLANG_WARN_ENUM_CONVERSION = YES;
				CLANG_WARN_INT_CONVERSION = YES;
				CLANG_WARN_OBJC_ROOT_CLASS = YES_ERROR;
				CLANG_WARN_UNREACHABLE_CODE = YES;
				CLANG_WARN__DUPLICATE_METHOD_MATCH = YES;
				"CODE_SIGN_IDENTITY[sdk=iphoneos*]" = "iPhone Developer";
				COPY_PHASE_STRIP = NO;
				DEBUG_INFORMATION_FORMAT = dwarf;
				ENABLE_STRICT_OBJC_MSGSEND = YES;
				ENABLE_TESTABILITY = YES;
				GCC_C_LANGUAGE_STANDARD = gnu99;
				GCC_DYNAMIC_NO_PIC = NO;
				GCC_NO_COMMON_BLOCKS = YES;
				GCC_OPTIMIZATION_LEVEL = 0;
				GCC_PREPROCESSOR_DEFINITIONS = (
					"DEBUG=1",
					"$(inherited)",
				);
				GCC_WARN_64_TO_32_BIT_CONVERSION = YES;
				GCC_WARN_ABOUT_RETURN_TYPE = YES_ERROR;
				GCC_WARN_UNDECLARED_SELECTOR = YES;
				GCC_WARN_UNINITIALIZED_AUTOS = YES_AGGRESSIVE;
				GCC_WARN_UNUSED_FUNCTION = YES;
				GCC_WARN_UNUSED_VARIABLE = YES;
				IPHONEOS_DEPLOYMENT_TARGET = 9.2;
				MTL_ENABLE_DEBUG_INFO = YES;
				ONLY_ACTIVE_ARCH = YES;
				SDKROOT = iphoneos;
			};
			name = Debug;
		};
		22827E9C1C4D3D2A0040EA13 /* Release */ = {
			isa = XCBuildConfiguration;
			buildSettings = {
				ALWAYS_SEARCH_USER_PATHS = NO;
				CLANG_CXX_LANGUAGE_STANDARD = "gnu++0x";
				CLANG_CXX_LIBRARY = "libc++";
				CLANG_ENABLE_MODULES = YES;
				CLANG_ENABLE_OBJC_ARC = YES;
				CLANG_WARN_BOOL_CONVERSION = YES;
				CLANG_WARN_CONSTANT_CONVERSION = YES;
				CLANG_WARN_DIRECT_OBJC_ISA_USAGE = YES_ERROR;
				CLANG_WARN_EMPTY_BODY = YES;
				CLANG_WARN_ENUM_CONVERSION = YES;
				CLANG_WARN_INT_CONVERSION = YES;
				CLANG_WARN_OBJC_ROOT_CLASS = YES_ERROR;
				CLANG_WARN_UNREACHABLE_CODE = YES;
				CLANG_WARN__DUPLICATE_METHOD_MATCH = YES;
				"CODE_SIGN_IDENTITY[sdk=iphoneos*]" = "iPhone Developer";
				COPY_PHASE_STRIP = NO;
				DEBUG_INFORMATION_FORMAT = "dwarf-with-dsym";
				ENABLE_NS_ASSERTIONS = NO;
				ENABLE_STRICT_OBJC_MSGSEND = YES;
				GCC_C_LANGUAGE_STANDARD = gnu99;
				GCC_NO_COMMON_BLOCKS = YES;
				GCC_WARN_64_TO_32_BIT_CONVERSION = YES;
				GCC_WARN_ABOUT_RETURN_TYPE = YES_ERROR;
				GCC_WARN_UNDECLARED_SELECTOR = YES;
				GCC_WARN_UNINITIALIZED_AUTOS = YES_AGGRESSIVE;
				GCC_WARN_UNUSED_FUNCTION = YES;
				GCC_WARN_UNUSED_VARIABLE = YES;
				IPHONEOS_DEPLOYMENT_TARGET = 9.2;
				MTL_ENABLE_DEBUG_INFO = NO;
				SDKROOT = iphoneos;
				VALIDATE_PRODUCT = YES;
			};
			name = Release;
		};
		22827E9E1C4D3D2A0040EA13 /* Debug */ = {
			isa = XCBuildConfiguration;
			buildSettings = {
				ASSETCATALOG_COMPILER_APPICON_NAME = AppIcon;
				INFOPLIST_FILE = m8_homework_string_init/Info.plist;
				LD_RUNPATH_SEARCH_PATHS = "$(inherited) @executable_path/Frameworks";
				PRODUCT_BUNDLE_IDENTIFIER = "com.fatsai.m8-homework-string-init";
				PRODUCT_NAME = "$(TARGET_NAME)";
			};
			name = Debug;
		};
		22827E9F1C4D3D2A0040EA13 /* Release */ = {
			isa = XCBuildConfiguration;
			buildSettings = {
				ASSETCATALOG_COMPILER_APPICON_NAME = AppIcon;
				INFOPLIST_FILE = m8_homework_string_init/Info.plist;
				LD_RUNPATH_SEARCH_PATHS = "$(inherited) @executable_path/Frameworks";
				PRODUCT_BUNDLE_IDENTIFIER = "com.fatsai.m8-homework-string-init";
				PRODUCT_NAME = "$(TARGET_NAME)";
			};
			name = Release;
		};
		22827EA11C4D3D2A0040EA13 /* Debug */ = {
			isa = XCBuildConfiguration;
			buildSettings = {
				BUNDLE_LOADER = "$(TEST_HOST)";
				INFOPLIST_FILE = m8_homework_string_initTests/Info.plist;
				LD_RUNPATH_SEARCH_PATHS = "$(inherited) @executable_path/Frameworks @loader_path/Frameworks";
				PRODUCT_BUNDLE_IDENTIFIER = "com.fatsai.m8-homework-string-initTests";
				PRODUCT_NAME = "$(TARGET_NAME)";
				TEST_HOST = "$(BUILT_PRODUCTS_DIR)/m8_homework_string_init.app/m8_homework_string_init";
			};
			name = Debug;
		};
		22827EA21C4D3D2A0040EA13 /* Release */ = {
			isa = XCBuildConfiguration;
			buildSettings = {
				BUNDLE_LOADER = "$(TEST_HOST)";
				INFOPLIST_FILE = m8_homework_string_initTests/Info.plist;
				LD_RUNPATH_SEARCH_PATHS = "$(inherited) @executable_path/Frameworks @loader_path/Frameworks";
				PRODUCT_BUNDLE_IDENTIFIER = "com.fatsai.m8-homework-string-initTests";
				PRODUCT_NAME = "$(TARGET_NAME)";
				TEST_HOST = "$(BUILT_PRODUCTS_DIR)/m8_homework_string_init.app/m8_homework_string_init";
			};
			name = Release;
		};
		22827EA41C4D3D2A0040EA13 /* Debug */ = {
			isa = XCBuildConfiguration;
			buildSettings = {
				INFOPLIST_FILE = m8_homework_string_initUITests/Info.plist;
				LD_RUNPATH_SEARCH_PATHS = "$(inherited) @executable_path/Frameworks @loader_path/Frameworks";
				PRODUCT_BUNDLE_IDENTIFIER = "com.fatsai.m8-homework-string-initUITests";
				PRODUCT_NAME = "$(TARGET_NAME)";
				TEST_TARGET_NAME = m8_homework_string_init;
				USES_XCTRUNNER = YES;
			};
			name = Debug;
		};
		22827EA51C4D3D2A0040EA13 /* Release */ = {
			isa = XCBuildConfiguration;
			buildSettings = {
				INFOPLIST_FILE = m8_homework_string_initUITests/Info.plist;
				LD_RUNPATH_SEARCH_PATHS = "$(inherited) @executable_path/Frameworks @loader_path/Frameworks";
				PRODUCT_BUNDLE_IDENTIFIER = "com.fatsai.m8-homework-string-initUITests";
				PRODUCT_NAME = "$(TARGET_NAME)";
				TEST_TARGET_NAME = m8_homework_string_init;
				USES_XCTRUNNER = YES;
			};
			name = Release;
		};
/* End XCBuildConfiguration section */

/* Begin XCConfigurationList section */
		22827E6B1C4D3D2A0040EA13 /* Build configuration list for PBXProject "m8_homework_string_init" */ = {
			isa = XCConfigurationList;
			buildConfigurations = (
				22827E9B1C4D3D2A0040EA13 /* Debug */,
				22827E9C1C4D3D2A0040EA13 /* Release */,
			);
			defaultConfigurationIsVisible = 0;
			defaultConfigurationName = Release;
		};
		22827E9D1C4D3D2A0040EA13 /* Build configuration list for PBXNativeTarget "m8_homework_string_init" */ = {
			isa = XCConfigurationList;
			buildConfigurations = (
				22827E9E1C4D3D2A0040EA13 /* Debug */,
				22827E9F1C4D3D2A0040EA13 /* Release */,
			);
			defaultConfigurationIsVisible = 0;
		};
		22827EA01C4D3D2A0040EA13 /* Build configuration list for PBXNativeTarget "m8_homework_string_initTests" */ = {
			isa = XCConfigurationList;
			buildConfigurations = (
				22827EA11C4D3D2A0040EA13 /* Debug */,
				22827EA21C4D3D2A0040EA13 /* Release */,
			);
			defaultConfigurationIsVisible = 0;
		};
		22827EA31C4D3D2A0040EA13 /* Build configuration list for PBXNativeTarget "m8_homework_string_initUITests" */ = {
			isa = XCConfigurationList;
			buildConfigurations = (
				22827EA41C4D3D2A0040EA13 /* Debug */,
				22827EA51C4D3D2A0040EA13 /* Release */,
			);
			defaultConfigurationIsVisible = 0;
		};
/* End XCConfigurationList section */
	};
	rootObject = 22827E681C4D3D2A0040EA13 /* Project object */;
}
